
Microsoft Visual Studio Solution File, Format Version 12.00
# Visual Studio Version 16
VisualStudioVersion = 16.0.29409.12
MinimumVisualStudioVersion = 10.0.40219.1
Project("{9A19103F-16F7-4668-BE54-9A1E7A4F7556}") = "ADO_Net_Test", "ADO_Net_Test\ADO_Net_Test.csproj", "{23C31EE7-564E-41C9-9902-1D02334EF2C9}"
EndProject
Project("{9A19103F-16F7-4668-BE54-9A1E7A4F7556}") = "CatsDbExample", "CatsDbExample\CatsDbExample.csproj", "{78FAA522-9F4A-4823-8135-8E7924A32EA5}"
EndProject
Project("{2150E333-8FDC-42A3-9474-1A3956D46DE8}") = "FETCHING RESULTSETS WITH ADO.NET", "FETCHING RESULTSETS WITH ADO.NET", "{4AC9DB23-76EE-4C61-AA04-0180BB45FEB0}"
EndProject
Project("{9A19103F-16F7-4668-BE54-9A1E7A4F7556}") = "01.InitialSetup", "01.InitialSetup\01.InitialSetup.csproj", "{C775B173-DAAE-4196-9680-F28A0D9BC255}"
EndProject
Project("{9A19103F-16F7-4668-BE54-9A1E7A4F7556}") = "02.VillainNames", "02.VillainNames\02.VillainNames.csproj", "{D956B014-7780-470F-8B9D-ABD407B1AF21}"
EndProject
Project("{9A19103F-16F7-4668-BE54-9A1E7A4F7556}") = "6.RemoveVillain", "6.RemoveVillain\6.RemoveVillain.csproj", "{639452B4-34F7-4B19-B1A1-12B201D66779}"
EndProject
Project("{9A19103F-16F7-4668-BE54-9A1E7A4F7556}") = "03.MinionNames", "03.MinionNames\03.MinionNames.csproj", "{50F102B3-93BE-4C3B-B212-92D6A3B1F734}"
EndProject
Project("{9A19103F-16F7-4668-BE54-9A1E7A4F7556}") = "4.AddMinion", "4.AddMinion\4.AddMinion.csproj", "{399AC433-5BA6-466F-959B-DBAD20C6FB52}"
EndProject
Project("{2150E333-8FDC-42A3-9474-1A3956D46DE8}") = "ORM FUNDAMENTALS", "ORM FUNDAMENTALS", "{BF098070-2A3A-45AA-8889-C8E18E29836C}"
EndProject
Project("{9A19103F-16F7-4668-BE54-9A1E7A4F7556}") = "MiniORM", "MiniORM\MiniORM.csproj", "{4CC0216A-D335-4E63-9527-EA54F522594B}"
EndProject
Project("{2150E333-8FDC-42A3-9474-1A3956D46DE8}") = "CODE-FIRST", "CODE-FIRST", "{0825F022-5195-44FB-ACDD-6A3452D5E76B}"
EndProject
Project("{9A19103F-16F7-4668-BE54-9A1E7A4F7556}") = "EFCodeFirstTest", "EFCodeFirstTest\EFCodeFirstTest.csproj", "{B10B2EC2-3198-46E5-A8A3-D1833B212BD4}"
EndProject
Project("{2150E333-8FDC-42A3-9474-1A3956D46DE8}") = "Entity Relations", "Entity Relations", "{7CD6701D-D077-4ECF-83FD-3F58C16D523F}"
EndProject
Project("{9A19103F-16F7-4668-BE54-9A1E7A4F7556}") = "MyCarSystem", "MyCarSystem\MyCarSystem.csproj", "{66E581E5-8528-440F-8799-CF17E8F6D241}"
EndProject
Project("{9A19103F-16F7-4668-BE54-9A1E7A4F7556}") = "01_StudentSystem", "01_StudentSystem\01_StudentSystem.csproj", "{9C231294-0CE9-465C-9048-787AF92F6D35}"
EndProject
Project("{9A19103F-16F7-4668-BE54-9A1E7A4F7556}") = "3_FootballBetting", "3_FootballBetting\3_FootballBetting.csproj", "{9410C653-5F44-4BF9-8F50-87756C634B18}"
EndProject
Project("{2150E333-8FDC-42A3-9474-1A3956D46DE8}") = "JSON PROCESSING", "JSON PROCESSING", "{B7A88D54-A82F-4F16-A603-C4CECBF3A48E}"
EndProject
Project("{2150E333-8FDC-42A3-9474-1A3956D46DE8}") = "Advanced Querying", "Advanced Querying", "{1AD28CDD-8E6E-4B69-96AA-93C17016213F}"
EndProject
Project("{9A19103F-16F7-4668-BE54-9A1E7A4F7556}") = "BookShop", "BookShop\BookShop\BookShop.csproj", "{6183C1B1-9EA9-4989-ADF1-949A64BBDF50}"
EndProject
Project("{9A19103F-16F7-4668-BE54-9A1E7A4F7556}") = "BookShop.Data", "BookShop\BookShop.Data\BookShop.Data.csproj", "{123E4673-6003-4CC9-A8A4-9A8177A939C2}"
EndProject
Project("{9A19103F-16F7-4668-BE54-9A1E7A4F7556}") = "BookShop.Initializer", "BookShop\BookShop.Initializer\BookShop.Initializer.csproj", "{EED71A94-5CC0-4B9E-BCBE-9C42E2064CB8}"
EndProject
Project("{9A19103F-16F7-4668-BE54-9A1E7A4F7556}") = "BookShop.Models", "BookShop\BookShop.Models\BookShop.Models.csproj", "{BF376F23-EB97-4D13-B248-38F197635A90}"
EndProject
Project("{2150E333-8FDC-42A3-9474-1A3956D46DE8}") = "XML Processing", "XML Processing", "{BB87E495-A233-40F3-8A82-899679D9C0C2}"
EndProject
Project("{9A19103F-16F7-4668-BE54-9A1E7A4F7556}") = "XmlDemos", "XmlDemos\XmlDemos.csproj", "{BA967E12-2E1A-44F2-89E9-E575FC9C6AA6}"
EndProject
Project("{9A19103F-16F7-4668-BE54-9A1E7A4F7556}") = "EFCoreDemoTest", "EFCoreDemoTest\EFCoreDemoTest.csproj", "{C73C84EE-7630-4F96-B387-24DC4FC0A653}"
EndProject
Project("{2150E333-8FDC-42A3-9474-1A3956D46DE8}") = "BEST PRACTICES AND ARCHITECTURE", "BEST PRACTICES AND ARCHITECTURE", "{B55D566B-E7B0-4419-BD02-2E798594A129}"
EndProject
Project("{9A19103F-16F7-4668-BE54-9A1E7A4F7556}") = "PetStore", "PetStore\PetStore.csproj", "{971546FB-CF9C-4AF6-A216-A8F4434937F4}"
EndProject
Project("{9A19103F-16F7-4668-BE54-9A1E7A4F7556}") = "PetStore.Data.Models", "PetStore.Models\PetStore.Data.Models.csproj", "{8409CFB7-6ED0-412F-8F6F-6DCCA8227CB7}"
EndProject
Project("{9A19103F-16F7-4668-BE54-9A1E7A4F7556}") = "PetStore.Services", "PetStore.Services\PetStore.Services.csproj", "{FBC35BC1-B882-439F-B2D7-F687E27EF455}"
EndProject
Project("{9A19103F-16F7-4668-BE54-9A1E7A4F7556}") = "PetStore.Data", "PetStore.Data\PetStore.Data.csproj", "{F016C117-6919-4A34-A426-E60E04646790}"
EndProject
Project("{2150E333-8FDC-42A3-9474-1A3956D46DE8}") = "Data", "Data", "{24D01E26-23BE-4340-98AE-30A16C3DE400}"
EndProject
Project("{2150E333-8FDC-42A3-9474-1A3956D46DE8}") = "WORKSHOP - ASP.NET CORE", "WORKSHOP - ASP.NET CORE", "{1D028048-39C2-4B53-A227-63C622A268E1}"
EndProject
Project("{9A19103F-16F7-4668-BE54-9A1E7A4F7556}") = "PetStore.Web", "PetStore.Web\PetStore.Web.csproj", "{A45F4513-0375-4702-8009-6ABDD8259DDD}"
EndProject
Project("{2150E333-8FDC-42A3-9474-1A3956D46DE8}") = "EXAM PREPARATION", "EXAM PREPARATION", "{8FEF45BE-9AB7-4746-8F23-57329BC89EC4}"
EndProject
Project("{9A19103F-16F7-4668-BE54-9A1E7A4F7556}") = "Cinema", "Cinema\Cinema\Cinema.csproj", "{924F6261-35C7-401C-96E0-0902A6DD1E5D}"
EndProject
Project("{2150E333-8FDC-42A3-9474-1A3956D46DE8}") = "ENTITYFRAMEWORK INTRODUCTION", "ENTITYFRAMEWORK INTRODUCTION", "{BD9AE99E-4770-4808-9B0F-63F5E2ACF76D}"
EndProject
Project("{9A19103F-16F7-4668-BE54-9A1E7A4F7556}") = "SoftUni", "SoftUni\SoftUni.csproj", "{EFAE8B0D-9105-4DDE-A3BB-72C16AE9C27F}"
EndProject
Project("{9A19103F-16F7-4668-BE54-9A1E7A4F7556}") = "P03_SalesDatabase", "P03_SalesDatabase\P03_SalesDatabase.csproj", "{FF79F318-A2CB-4E40-B005-9D2DFFD7B2E5}"
EndProject
Project("{2150E333-8FDC-42A3-9474-1A3956D46DE8}") = "EXAM", "EXAM", "{0C50ABC5-0717-4A4C-9B05-004EEAF090F1}"
EndProject
Project("{9A19103F-16F7-4668-BE54-9A1E7A4F7556}") = "TeisterMask", "TeisterMask\TeisterMask.csproj", "{2F751D2F-56F9-4A3B-A1EF-45E6FC9160C1}"
EndProject
Global
	GlobalSection(SolutionConfigurationPlatforms) = preSolution
		Debug|Any CPU = Debug|Any CPU
		Release|Any CPU = Release|Any CPU
	EndGlobalSection
	GlobalSection(ProjectConfigurationPlatforms) = postSolution
		{23C31EE7-564E-41C9-9902-1D02334EF2C9}.Debug|Any CPU.ActiveCfg = Debug|Any CPU
		{23C31EE7-564E-41C9-9902-1D02334EF2C9}.Debug|Any CPU.Build.0 = Debug|Any CPU
		{23C31EE7-564E-41C9-9902-1D02334EF2C9}.Release|Any CPU.ActiveCfg = Release|Any CPU
		{23C31EE7-564E-41C9-9902-1D02334EF2C9}.Release|Any CPU.Build.0 = Release|Any CPU
		{78FAA522-9F4A-4823-8135-8E7924A32EA5}.Debug|Any CPU.ActiveCfg = Debug|Any CPU
		{78FAA522-9F4A-4823-8135-8E7924A32EA5}.Debug|Any CPU.Build.0 = Debug|Any CPU
		{78FAA522-9F4A-4823-8135-8E7924A32EA5}.Release|Any CPU.ActiveCfg = Release|Any CPU
		{78FAA522-9F4A-4823-8135-8E7924A32EA5}.Release|Any CPU.Build.0 = Release|Any CPU
		{C775B173-DAAE-4196-9680-F28A0D9BC255}.Debug|Any CPU.ActiveCfg = Debug|Any CPU
		{C775B173-DAAE-4196-9680-F28A0D9BC255}.Debug|Any CPU.Build.0 = Debug|Any CPU
		{C775B173-DAAE-4196-9680-F28A0D9BC255}.Release|Any CPU.ActiveCfg = Release|Any CPU
		{C775B173-DAAE-4196-9680-F28A0D9BC255}.Release|Any CPU.Build.0 = Release|Any CPU
		{D956B014-7780-470F-8B9D-ABD407B1AF21}.Debug|Any CPU.ActiveCfg = Debug|Any CPU
		{D956B014-7780-470F-8B9D-ABD407B1AF21}.Debug|Any CPU.Build.0 = Debug|Any CPU
		{D956B014-7780-470F-8B9D-ABD407B1AF21}.Release|Any CPU.ActiveCfg = Release|Any CPU
		{D956B014-7780-470F-8B9D-ABD407B1AF21}.Release|Any CPU.Build.0 = Release|Any CPU
		{639452B4-34F7-4B19-B1A1-12B201D66779}.Debug|Any CPU.ActiveCfg = Debug|Any CPU
		{639452B4-34F7-4B19-B1A1-12B201D66779}.Debug|Any CPU.Build.0 = Debug|Any CPU
		{639452B4-34F7-4B19-B1A1-12B201D66779}.Release|Any CPU.ActiveCfg = Release|Any CPU
		{639452B4-34F7-4B19-B1A1-12B201D66779}.Release|Any CPU.Build.0 = Release|Any CPU
		{50F102B3-93BE-4C3B-B212-92D6A3B1F734}.Debug|Any CPU.ActiveCfg = Debug|Any CPU
		{50F102B3-93BE-4C3B-B212-92D6A3B1F734}.Debug|Any CPU.Build.0 = Debug|Any CPU
		{50F102B3-93BE-4C3B-B212-92D6A3B1F734}.Release|Any CPU.ActiveCfg = Release|Any CPU
		{50F102B3-93BE-4C3B-B212-92D6A3B1F734}.Release|Any CPU.Build.0 = Release|Any CPU
		{399AC433-5BA6-466F-959B-DBAD20C6FB52}.Debug|Any CPU.ActiveCfg = Debug|Any CPU
		{399AC433-5BA6-466F-959B-DBAD20C6FB52}.Debug|Any CPU.Build.0 = Debug|Any CPU
		{399AC433-5BA6-466F-959B-DBAD20C6FB52}.Release|Any CPU.ActiveCfg = Release|Any CPU
		{399AC433-5BA6-466F-959B-DBAD20C6FB52}.Release|Any CPU.Build.0 = Release|Any CPU
		{4CC0216A-D335-4E63-9527-EA54F522594B}.Debug|Any CPU.ActiveCfg = Debug|Any CPU
		{4CC0216A-D335-4E63-9527-EA54F522594B}.Debug|Any CPU.Build.0 = Debug|Any CPU
		{4CC0216A-D335-4E63-9527-EA54F522594B}.Release|Any CPU.ActiveCfg = Release|Any CPU
		{4CC0216A-D335-4E63-9527-EA54F522594B}.Release|Any CPU.Build.0 = Release|Any CPU
		{B10B2EC2-3198-46E5-A8A3-D1833B212BD4}.Debug|Any CPU.ActiveCfg = Debug|Any CPU
		{B10B2EC2-3198-46E5-A8A3-D1833B212BD4}.Debug|Any CPU.Build.0 = Debug|Any CPU
		{B10B2EC2-3198-46E5-A8A3-D1833B212BD4}.Release|Any CPU.ActiveCfg = Release|Any CPU
		{B10B2EC2-3198-46E5-A8A3-D1833B212BD4}.Release|Any CPU.Build.0 = Release|Any CPU
		{66E581E5-8528-440F-8799-CF17E8F6D241}.Debug|Any CPU.ActiveCfg = Debug|Any CPU
		{66E581E5-8528-440F-8799-CF17E8F6D241}.Debug|Any CPU.Build.0 = Debug|Any CPU
		{66E581E5-8528-440F-8799-CF17E8F6D241}.Release|Any CPU.ActiveCfg = Release|Any CPU
		{66E581E5-8528-440F-8799-CF17E8F6D241}.Release|Any CPU.Build.0 = Release|Any CPU
		{9C231294-0CE9-465C-9048-787AF92F6D35}.Debug|Any CPU.ActiveCfg = Debug|Any CPU
		{9C231294-0CE9-465C-9048-787AF92F6D35}.Debug|Any CPU.Build.0 = Debug|Any CPU
		{9C231294-0CE9-465C-9048-787AF92F6D35}.Release|Any CPU.ActiveCfg = Release|Any CPU
		{9C231294-0CE9-465C-9048-787AF92F6D35}.Release|Any CPU.Build.0 = Release|Any CPU
		{9410C653-5F44-4BF9-8F50-87756C634B18}.Debug|Any CPU.ActiveCfg = Debug|Any CPU
		{9410C653-5F44-4BF9-8F50-87756C634B18}.Debug|Any CPU.Build.0 = Debug|Any CPU
		{9410C653-5F44-4BF9-8F50-87756C634B18}.Release|Any CPU.ActiveCfg = Release|Any CPU
		{9410C653-5F44-4BF9-8F50-87756C634B18}.Release|Any CPU.Build.0 = Release|Any CPU
		{6183C1B1-9EA9-4989-ADF1-949A64BBDF50}.Debug|Any CPU.ActiveCfg = Debug|Any CPU
		{6183C1B1-9EA9-4989-ADF1-949A64BBDF50}.Debug|Any CPU.Build.0 = Debug|Any CPU
		{6183C1B1-9EA9-4989-ADF1-949A64BBDF50}.Release|Any CPU.ActiveCfg = Release|Any CPU
		{6183C1B1-9EA9-4989-ADF1-949A64BBDF50}.Release|Any CPU.Build.0 = Release|Any CPU
		{123E4673-6003-4CC9-A8A4-9A8177A939C2}.Debug|Any CPU.ActiveCfg = Debug|Any CPU
		{123E4673-6003-4CC9-A8A4-9A8177A939C2}.Debug|Any CPU.Build.0 = Debug|Any CPU
		{123E4673-6003-4CC9-A8A4-9A8177A939C2}.Release|Any CPU.ActiveCfg = Release|Any CPU
		{123E4673-6003-4CC9-A8A4-9A8177A939C2}.Release|Any CPU.Build.0 = Release|Any CPU
		{EED71A94-5CC0-4B9E-BCBE-9C42E2064CB8}.Debug|Any CPU.ActiveCfg = Debug|Any CPU
		{EED71A94-5CC0-4B9E-BCBE-9C42E2064CB8}.Debug|Any CPU.Build.0 = Debug|Any CPU
		{EED71A94-5CC0-4B9E-BCBE-9C42E2064CB8}.Release|Any CPU.ActiveCfg = Release|Any CPU
		{EED71A94-5CC0-4B9E-BCBE-9C42E2064CB8}.Release|Any CPU.Build.0 = Release|Any CPU
		{BF376F23-EB97-4D13-B248-38F197635A90}.Debug|Any CPU.ActiveCfg = Debug|Any CPU
		{BF376F23-EB97-4D13-B248-38F197635A90}.Debug|Any CPU.Build.0 = Debug|Any CPU
		{BF376F23-EB97-4D13-B248-38F197635A90}.Release|Any CPU.ActiveCfg = Release|Any CPU
		{BF376F23-EB97-4D13-B248-38F197635A90}.Release|Any CPU.Build.0 = Release|Any CPU
		{BA967E12-2E1A-44F2-89E9-E575FC9C6AA6}.Debug|Any CPU.ActiveCfg = Debug|Any CPU
		{BA967E12-2E1A-44F2-89E9-E575FC9C6AA6}.Debug|Any CPU.Build.0 = Debug|Any CPU
		{BA967E12-2E1A-44F2-89E9-E575FC9C6AA6}.Release|Any CPU.ActiveCfg = Release|Any CPU
		{BA967E12-2E1A-44F2-89E9-E575FC9C6AA6}.Release|Any CPU.Build.0 = Release|Any CPU
		{C73C84EE-7630-4F96-B387-24DC4FC0A653}.Debug|Any CPU.ActiveCfg = Debug|Any CPU
		{C73C84EE-7630-4F96-B387-24DC4FC0A653}.Debug|Any CPU.Build.0 = Debug|Any CPU
		{C73C84EE-7630-4F96-B387-24DC4FC0A653}.Release|Any CPU.ActiveCfg = Release|Any CPU
		{C73C84EE-7630-4F96-B387-24DC4FC0A653}.Release|Any CPU.Build.0 = Release|Any CPU
		{971546FB-CF9C-4AF6-A216-A8F4434937F4}.Debug|Any CPU.ActiveCfg = Debug|Any CPU
		{971546FB-CF9C-4AF6-A216-A8F4434937F4}.Debug|Any CPU.Build.0 = Debug|Any CPU
		{971546FB-CF9C-4AF6-A216-A8F4434937F4}.Release|Any CPU.ActiveCfg = Release|Any CPU
		{971546FB-CF9C-4AF6-A216-A8F4434937F4}.Release|Any CPU.Build.0 = Release|Any CPU
		{8409CFB7-6ED0-412F-8F6F-6DCCA8227CB7}.Debug|Any CPU.ActiveCfg = Debug|Any CPU
		{8409CFB7-6ED0-412F-8F6F-6DCCA8227CB7}.Debug|Any CPU.Build.0 = Debug|Any CPU
		{8409CFB7-6ED0-412F-8F6F-6DCCA8227CB7}.Release|Any CPU.ActiveCfg = Release|Any CPU
		{8409CFB7-6ED0-412F-8F6F-6DCCA8227CB7}.Release|Any CPU.Build.0 = Release|Any CPU
		{FBC35BC1-B882-439F-B2D7-F687E27EF455}.Debug|Any CPU.ActiveCfg = Debug|Any CPU
		{FBC35BC1-B882-439F-B2D7-F687E27EF455}.Debug|Any CPU.Build.0 = Debug|Any CPU
		{FBC35BC1-B882-439F-B2D7-F687E27EF455}.Release|Any CPU.ActiveCfg = Release|Any CPU
		{FBC35BC1-B882-439F-B2D7-F687E27EF455}.Release|Any CPU.Build.0 = Release|Any CPU
		{F016C117-6919-4A34-A426-E60E04646790}.Debug|Any CPU.ActiveCfg = Debug|Any CPU
		{F016C117-6919-4A34-A426-E60E04646790}.Debug|Any CPU.Build.0 = Debug|Any CPU
		{F016C117-6919-4A34-A426-E60E04646790}.Release|Any CPU.ActiveCfg = Release|Any CPU
		{F016C117-6919-4A34-A426-E60E04646790}.Release|Any CPU.Build.0 = Release|Any CPU
		{A45F4513-0375-4702-8009-6ABDD8259DDD}.Debug|Any CPU.ActiveCfg = Debug|Any CPU
		{A45F4513-0375-4702-8009-6ABDD8259DDD}.Debug|Any CPU.Build.0 = Debug|Any CPU
		{A45F4513-0375-4702-8009-6ABDD8259DDD}.Release|Any CPU.ActiveCfg = Release|Any CPU
		{A45F4513-0375-4702-8009-6ABDD8259DDD}.Release|Any CPU.Build.0 = Release|Any CPU
		{924F6261-35C7-401C-96E0-0902A6DD1E5D}.Debug|Any CPU.ActiveCfg = Debug|Any CPU
		{924F6261-35C7-401C-96E0-0902A6DD1E5D}.Debug|Any CPU.Build.0 = Debug|Any CPU
		{924F6261-35C7-401C-96E0-0902A6DD1E5D}.Release|Any CPU.ActiveCfg = Release|Any CPU
		{924F6261-35C7-401C-96E0-0902A6DD1E5D}.Release|Any CPU.Build.0 = Release|Any CPU
		{EFAE8B0D-9105-4DDE-A3BB-72C16AE9C27F}.Debug|Any CPU.ActiveCfg = Debug|Any CPU
		{EFAE8B0D-9105-4DDE-A3BB-72C16AE9C27F}.Debug|Any CPU.Build.0 = Debug|Any CPU
		{EFAE8B0D-9105-4DDE-A3BB-72C16AE9C27F}.Release|Any CPU.ActiveCfg = Release|Any CPU
		{EFAE8B0D-9105-4DDE-A3BB-72C16AE9C27F}.Release|Any CPU.Build.0 = Release|Any CPU
		{FF79F318-A2CB-4E40-B005-9D2DFFD7B2E5}.Debug|Any CPU.ActiveCfg = Debug|Any CPU
		{FF79F318-A2CB-4E40-B005-9D2DFFD7B2E5}.Debug|Any CPU.Build.0 = Debug|Any CPU
		{FF79F318-A2CB-4E40-B005-9D2DFFD7B2E5}.Release|Any CPU.ActiveCfg = Release|Any CPU
		{FF79F318-A2CB-4E40-B005-9D2DFFD7B2E5}.Release|Any CPU.Build.0 = Release|Any CPU
		{2F751D2F-56F9-4A3B-A1EF-45E6FC9160C1}.Debug|Any CPU.ActiveCfg = Debug|Any CPU
		{2F751D2F-56F9-4A3B-A1EF-45E6FC9160C1}.Debug|Any CPU.Build.0 = Debug|Any CPU
		{2F751D2F-56F9-4A3B-A1EF-45E6FC9160C1}.Release|Any CPU.ActiveCfg = Release|Any CPU
		{2F751D2F-56F9-4A3B-A1EF-45E6FC9160C1}.Release|Any CPU.Build.0 = Release|Any CPU
	EndGlobalSection
	GlobalSection(SolutionProperties) = preSolution
		HideSolutionNode = FALSE
	EndGlobalSection
	GlobalSection(NestedProjects) = preSolution
		{23C31EE7-564E-41C9-9902-1D02334EF2C9} = {4AC9DB23-76EE-4C61-AA04-0180BB45FEB0}
		{78FAA522-9F4A-4823-8135-8E7924A32EA5} = {4AC9DB23-76EE-4C61-AA04-0180BB45FEB0}
		{C775B173-DAAE-4196-9680-F28A0D9BC255} = {4AC9DB23-76EE-4C61-AA04-0180BB45FEB0}
		{D956B014-7780-470F-8B9D-ABD407B1AF21} = {4AC9DB23-76EE-4C61-AA04-0180BB45FEB0}
		{639452B4-34F7-4B19-B1A1-12B201D66779} = {4AC9DB23-76EE-4C61-AA04-0180BB45FEB0}
		{50F102B3-93BE-4C3B-B212-92D6A3B1F734} = {4AC9DB23-76EE-4C61-AA04-0180BB45FEB0}
		{399AC433-5BA6-466F-959B-DBAD20C6FB52} = {4AC9DB23-76EE-4C61-AA04-0180BB45FEB0}
		{4CC0216A-D335-4E63-9527-EA54F522594B} = {BF098070-2A3A-45AA-8889-C8E18E29836C}
		{B10B2EC2-3198-46E5-A8A3-D1833B212BD4} = {0825F022-5195-44FB-ACDD-6A3452D5E76B}
		{66E581E5-8528-440F-8799-CF17E8F6D241} = {7CD6701D-D077-4ECF-83FD-3F58C16D523F}
		{9C231294-0CE9-465C-9048-787AF92F6D35} = {7CD6701D-D077-4ECF-83FD-3F58C16D523F}
		{9410C653-5F44-4BF9-8F50-87756C634B18} = {7CD6701D-D077-4ECF-83FD-3F58C16D523F}
		{6183C1B1-9EA9-4989-ADF1-949A64BBDF50} = {1AD28CDD-8E6E-4B69-96AA-93C17016213F}
		{123E4673-6003-4CC9-A8A4-9A8177A939C2} = {1AD28CDD-8E6E-4B69-96AA-93C17016213F}
		{EED71A94-5CC0-4B9E-BCBE-9C42E2064CB8} = {1AD28CDD-8E6E-4B69-96AA-93C17016213F}
		{BF376F23-EB97-4D13-B248-38F197635A90} = {1AD28CDD-8E6E-4B69-96AA-93C17016213F}
		{BA967E12-2E1A-44F2-89E9-E575FC9C6AA6} = {BB87E495-A233-40F3-8A82-899679D9C0C2}
		{C73C84EE-7630-4F96-B387-24DC4FC0A653} = {0825F022-5195-44FB-ACDD-6A3452D5E76B}
		{971546FB-CF9C-4AF6-A216-A8F4434937F4} = {B55D566B-E7B0-4419-BD02-2E798594A129}
		{8409CFB7-6ED0-412F-8F6F-6DCCA8227CB7} = {24D01E26-23BE-4340-98AE-30A16C3DE400}
		{FBC35BC1-B882-439F-B2D7-F687E27EF455} = {24D01E26-23BE-4340-98AE-30A16C3DE400}
		{F016C117-6919-4A34-A426-E60E04646790} = {24D01E26-23BE-4340-98AE-30A16C3DE400}
		{24D01E26-23BE-4340-98AE-30A16C3DE400} = {B55D566B-E7B0-4419-BD02-2E798594A129}
		{A45F4513-0375-4702-8009-6ABDD8259DDD} = {1D028048-39C2-4B53-A227-63C622A268E1}
		{924F6261-35C7-401C-96E0-0902A6DD1E5D} = {8FEF45BE-9AB7-4746-8F23-57329BC89EC4}
		{EFAE8B0D-9105-4DDE-A3BB-72C16AE9C27F} = {BD9AE99E-4770-4808-9B0F-63F5E2ACF76D}
		{FF79F318-A2CB-4E40-B005-9D2DFFD7B2E5} = {0825F022-5195-44FB-ACDD-6A3452D5E76B}
		{2F751D2F-56F9-4A3B-A1EF-45E6FC9160C1} = {0C50ABC5-0717-4A4C-9B05-004EEAF090F1}
	EndGlobalSection
	GlobalSection(ExtensibilityGlobals) = postSolution
		SolutionGuid = {97415EC7-DB59-4728-8358-40E981CE354D}
	EndGlobalSection
EndGlobal
